PODS:
  - AppNexusSDK (8.6.0):
    - AppNexusSDK/AppNexusSDK (= 8.6.0)
  - AppNexusSDK/AppNexusSDK (8.6.0)

DEPENDENCIES:
  - AppNexusSDK

SPEC REPOS:
  trunk:
    - AppNexusSDK

SPEC CHECKSUMS:
  AppNexusSDK: 491705eb9ddcc01dac016a78d863712bcce88785

PODFILE CHECKSUM: 4048cb24eafb7494ec0555d5e4b6cf19d3c95900

COCOAPODS: 1.12.0
